
Microsoft Visual Studio Solution File, Format Version 12.00
# Visual Studio Version 16
VisualStudioVersion = 16.0.30621.155
MinimumVisualStudioVersion = 10.0.40219.1
Project("{FAE04EC0-301F-11D3-BF4B-00C04F79EFBC}") = "GeneticPathFinding", "GeneticPathFinding\GeneticPathFinding.csproj", "{7634AEDA-A764-4E48-B7A5-20547CAD0D50}"
EndProject
Global
	GlobalSection(SolutionConfigurationPlatforms) = preSolution
		Debug|Any CPU = Debug|Any CPU
		Release|Any CPU = Release|Any CPU
	EndGlobalSection
	GlobalSection(ProjectConfigurationPlatforms) = postSolution
		{7634AEDA-A764-4E48-B7A5-20547CAD0D50}.Debug|Any CPU.ActiveCfg = Debug|Any CPU
		{7634AEDA-A764-4E48-B7A5-20547CAD0D50}.Debug|Any CPU.Build.0 = Debug|Any CPU
		{7634AEDA-A764-4E48-B7A5-20547CAD0D50}.Release|Any CPU.ActiveCfg = Release|Any CPU
		{7634AEDA-A764-4E48-B7A5-20547CAD0D50}.Release|Any CPU.Build.0 = Release|Any CPU
	EndGlobalSection
	GlobalSection(SolutionProperties) = preSolution
		HideSolutionNode = FALSE
	EndGlobalSection
	GlobalSection(ExtensibilityGlobals) = postSolution
		SolutionGuid = {70A2C94F-FCB4-4553-9D27-C8446DDF032D}
	EndGlobalSection
EndGlobal
